
Microsoft Visual Studio Solution File, Format Version 12.00
# Visual Studio 14
VisualStudioVersion = 14.0.25420.1
MinimumVisualStudioVersion = 10.0.40219.1
Project("{FAE04EC0-301F-11D3-BF4B-00C04F79EFBC}") = "ServerSocket", "ServerSocket\ServerSocket.csproj", "{6CF8AF6C-A4F1-42C3-AAA7-4D82F4D06252}"
EndProject
Project("{FAE04EC0-301F-11D3-BF4B-00C04F79EFBC}") = "Client", "Client\Client.csproj", "{72B713F0-6072-4CF8-9CF7-B7049DA5536A}"
EndProject
Global
	GlobalSection(SolutionConfigurationPlatforms) = preSolution
		Debug|Any CPU = Debug|Any CPU
		Release|Any CPU = Release|Any CPU
	EndGlobalSection
	GlobalSection(ProjectConfigurationPlatforms) = postSolution
		{6CF8AF6C-A4F1-42C3-AAA7-4D82F4D06252}.Debug|Any CPU.ActiveCfg = Debug|Any CPU
		{6CF8AF6C-A4F1-42C3-AAA7-4D82F4D06252}.Debug|Any CPU.Build.0 = Debug|Any CPU
		{6CF8AF6C-A4F1-42C3-AAA7-4D82F4D06252}.Release|Any CPU.ActiveCfg = Release|Any CPU
		{6CF8AF6C-A4F1-42C3-AAA7-4D82F4D06252}.Release|Any CPU.Build.0 = Release|Any CPU
		{72B713F0-6072-4CF8-9CF7-B7049DA5536A}.Debug|Any CPU.ActiveCfg = Debug|Any CPU
		{72B713F0-6072-4CF8-9CF7-B7049DA5536A}.Debug|Any CPU.Build.0 = Debug|Any CPU
		{72B713F0-6072-4CF8-9CF7-B7049DA5536A}.Release|Any CPU.ActiveCfg = Release|Any CPU
		{72B713F0-6072-4CF8-9CF7-B7049DA5536A}.Release|Any CPU.Build.0 = Release|Any CPU
	EndGlobalSection
	GlobalSection(SolutionProperties) = preSolution
		HideSolutionNode = FALSE
	EndGlobalSection
EndGlobal
